
Microsoft Visual Studio Solution File, Format Version 12.00
# Visual Studio Version 17
VisualStudioVersion = 17.0.31903.59
MinimumVisualStudioVersion = 10.0.40219.1
Project("{2150E333-8FDC-42A3-9474-1A3956D46DE8}") = "src", "src", "{5681E3AE-348F-4AEB-A49B-260A4C8D0992}"
EndProject
Project("{FAE04EC0-301F-11D3-BF4B-00C04F79EFBC}") = "HomeOs.Platform", "src\HomeOs.Platform\HomeOs.Platform.csproj", "{4E2F4E56-759C-40EB-8EBE-AF9F75E66BAD}"
EndProject
Project("{FAE04EC0-301F-11D3-BF4B-00C04F79EFBC}") = "HomeOs.Api", "src\HomeOs.Api\HomeOs.Api.csproj", "{6B1A45A3-849D-4CC0-9C98-676EEE651DDC}"
EndProject
Project("{FAE04EC0-301F-11D3-BF4B-00C04F79EFBC}") = "HomeOs.Modules.Tasks", "src\HomeOs.Modules.Tasks\HomeOs.Modules.Tasks.csproj", "{9D140A3A-DE2A-414E-B944-61DB0A983689}"
EndProject
Project("{2150E333-8FDC-42A3-9474-1A3956D46DE8}") = "tests", "tests", "{C3CE3804-CD1F-46CD-BF37-47D720008032}"
EndProject
Project("{FAE04EC0-301F-11D3-BF4B-00C04F79EFBC}") = "HomeOs.Modules.Tasks.Tests", "tests\HomeOs.Modules.Tasks.Tests\HomeOs.Modules.Tasks.Tests.csproj", "{9BEB26C6-8B66-45DC-8854-7D5C3A65414F}"
EndProject
Project("{FAE04EC0-301F-11D3-BF4B-00C04F79EFBC}") = "HomeOs.Modules.Finance", "src\HomeOs.Modules.Finance\HomeOs.Modules.Finance.csproj", "{F426C999-A877-43C6-8590-FF31AEA69C69}"
EndProject
Project("{FAE04EC0-301F-11D3-BF4B-00C04F79EFBC}") = "HomeOs.Modules.Calendar", "src\HomeOs.Modules.Calendar\HomeOs.Modules.Calendar.csproj", "{473EB559-86AD-404D-AA3F-318C17CEDEF7}"
EndProject
Project("{FAE04EC0-301F-11D3-BF4B-00C04F79EFBC}") = "HomeOs.Modules.Reminders", "src\HomeOs.Modules.Reminders\HomeOs.Modules.Reminders.csproj", "{924D77CB-8F89-4305-A47F-F8546CE0451A}"
EndProject
Project("{FAE04EC0-301F-11D3-BF4B-00C04F79EFBC}") = "HomeOs.Modules.Notes", "src\HomeOs.Modules.Notes\HomeOs.Modules.Notes.csproj", "{C5DCCB39-3F09-4F17-B5EE-8B839A180C2E}"
EndProject
Project("{FAE04EC0-301F-11D3-BF4B-00C04F79EFBC}") = "HomeOs.Modules.LifeAdmin", "src\HomeOs.Modules.LifeAdmin\HomeOs.Modules.LifeAdmin.csproj", "{A743F32D-FC4E-4F4E-8DE0-4C04E3F435AE}"
EndProject
Project("{FAE04EC0-301F-11D3-BF4B-00C04F79EFBC}") = "HomeOs.Modules.Automations", "src\HomeOs.Modules.Automations\HomeOs.Modules.Automations.csproj", "{23A48F5D-36ED-41C1-92AC-A66F73B6CC16}"
EndProject
Project("{FAE04EC0-301F-11D3-BF4B-00C04F79EFBC}") = "HomeOs.Architecture.Tests", "tests\HomeOs.Architecture.Tests\HomeOs.Architecture.Tests.csproj", "{E196F741-137C-467E-9326-DECEA3C1A7CB}"
EndProject
Project("{FAE04EC0-301F-11D3-BF4B-00C04F79EFBC}") = "HomeOs.Modules.Shopping", "src\HomeOs.Modules.Shopping\HomeOs.Modules.Shopping.csproj", "{563CDD7F-D2BD-4617-9F75-1430454B57BF}"
EndProject
Project("{FAE04EC0-301F-11D3-BF4B-00C04F79EFBC}") = "HomeOs.Api.Tests", "tests\HomeOs.Api.Tests\HomeOs.Api.Tests.csproj", "{70F10079-2E14-4308-B92B-31AF54DB1C69}"
EndProject
Project("{FAE04EC0-301F-11D3-BF4B-00C04F79EFBC}") = "HomeOs.Modules.Chat", "src\HomeOs.Modules.Chat\HomeOs.Modules.Chat.csproj", "{EB161A74-A617-4622-900B-BCDAC508C342}"
EndProject
Project("{FAE04EC0-301F-11D3-BF4B-00C04F79EFBC}") = "HomeOs.Modules.Exams", "src\HomeOs.Modules.Exams\HomeOs.Modules.Exams.csproj", "{30AF16CF-C412-49FB-A648-E165AA19F8AA}"
EndProject
Project("{FAE04EC0-301F-11D3-BF4B-00C04F79EFBC}") = "HomeOs.Modules.Exams.Tests", "tests\HomeOs.Modules.Exams.Tests\HomeOs.Modules.Exams.Tests.csproj", "{05A54BAC-87B9-4C08-A160-DC4D1B2B18CE}"
EndProject
Global
	GlobalSection(SolutionConfigurationPlatforms) = preSolution
		Debug|Any CPU = Debug|Any CPU
		Release|Any CPU = Release|Any CPU
	EndGlobalSection
	GlobalSection(SolutionProperties) = preSolution
		HideSolutionNode = FALSE
	EndGlobalSection
	GlobalSection(ProjectConfigurationPlatforms) = postSolution
		{4E2F4E56-759C-40EB-8EBE-AF9F75E66BAD}.Debug|Any CPU.ActiveCfg = Debug|Any CPU
		{4E2F4E56-759C-40EB-8EBE-AF9F75E66BAD}.Debug|Any CPU.Build.0 = Debug|Any CPU
		{4E2F4E56-759C-40EB-8EBE-AF9F75E66BAD}.Release|Any CPU.ActiveCfg = Release|Any CPU
		{4E2F4E56-759C-40EB-8EBE-AF9F75E66BAD}.Release|Any CPU.Build.0 = Release|Any CPU
		{6B1A45A3-849D-4CC0-9C98-676EEE651DDC}.Debug|Any CPU.ActiveCfg = Debug|Any CPU
		{6B1A45A3-849D-4CC0-9C98-676EEE651DDC}.Debug|Any CPU.Build.0 = Debug|Any CPU
		{6B1A45A3-849D-4CC0-9C98-676EEE651DDC}.Release|Any CPU.ActiveCfg = Release|Any CPU
		{6B1A45A3-849D-4CC0-9C98-676EEE651DDC}.Release|Any CPU.Build.0 = Release|Any CPU
		{9D140A3A-DE2A-414E-B944-61DB0A983689}.Debug|Any CPU.ActiveCfg = Debug|Any CPU
		{9D140A3A-DE2A-414E-B944-61DB0A983689}.Debug|Any CPU.Build.0 = Debug|Any CPU
		{9D140A3A-DE2A-414E-B944-61DB0A983689}.Release|Any CPU.ActiveCfg = Release|Any CPU
		{9D140A3A-DE2A-414E-B944-61DB0A983689}.Release|Any CPU.Build.0 = Release|Any CPU
		{9BEB26C6-8B66-45DC-8854-7D5C3A65414F}.Debug|Any CPU.ActiveCfg = Debug|Any CPU
		{9BEB26C6-8B66-45DC-8854-7D5C3A65414F}.Debug|Any CPU.Build.0 = Debug|Any CPU
		{9BEB26C6-8B66-45DC-8854-7D5C3A65414F}.Release|Any CPU.ActiveCfg = Release|Any CPU
		{9BEB26C6-8B66-45DC-8854-7D5C3A65414F}.Release|Any CPU.Build.0 = Release|Any CPU
		{F426C999-A877-43C6-8590-FF31AEA69C69}.Debug|Any CPU.ActiveCfg = Debug|Any CPU
		{F426C999-A877-43C6-8590-FF31AEA69C69}.Debug|Any CPU.Build.0 = Debug|Any CPU
		{F426C999-A877-43C6-8590-FF31AEA69C69}.Release|Any CPU.ActiveCfg = Release|Any CPU
		{F426C999-A877-43C6-8590-FF31AEA69C69}.Release|Any CPU.Build.0 = Release|Any CPU
		{473EB559-86AD-404D-AA3F-318C17CEDEF7}.Debug|Any CPU.ActiveCfg = Debug|Any CPU
		{473EB559-86AD-404D-AA3F-318C17CEDEF7}.Debug|Any CPU.Build.0 = Debug|Any CPU
		{473EB559-86AD-404D-AA3F-318C17CEDEF7}.Release|Any CPU.ActiveCfg = Release|Any CPU
		{473EB559-86AD-404D-AA3F-318C17CEDEF7}.Release|Any CPU.Build.0 = Release|Any CPU
		{924D77CB-8F89-4305-A47F-F8546CE0451A}.Debug|Any CPU.ActiveCfg = Debug|Any CPU
		{924D77CB-8F89-4305-A47F-F8546CE0451A}.Debug|Any CPU.Build.0 = Debug|Any CPU
		{924D77CB-8F89-4305-A47F-F8546CE0451A}.Release|Any CPU.ActiveCfg = Release|Any CPU
		{924D77CB-8F89-4305-A47F-F8546CE0451A}.Release|Any CPU.Build.0 = Release|Any CPU
		{C5DCCB39-3F09-4F17-B5EE-8B839A180C2E}.Debug|Any CPU.ActiveCfg = Debug|Any CPU
		{C5DCCB39-3F09-4F17-B5EE-8B839A180C2E}.Debug|Any CPU.Build.0 = Debug|Any CPU
		{C5DCCB39-3F09-4F17-B5EE-8B839A180C2E}.Release|Any CPU.ActiveCfg = Release|Any CPU
		{C5DCCB39-3F09-4F17-B5EE-8B839A180C2E}.Release|Any CPU.Build.0 = Release|Any CPU
		{A743F32D-FC4E-4F4E-8DE0-4C04E3F435AE}.Debug|Any CPU.ActiveCfg = Debug|Any CPU
		{A743F32D-FC4E-4F4E-8DE0-4C04E3F435AE}.Debug|Any CPU.Build.0 = Debug|Any CPU
		{A743F32D-FC4E-4F4E-8DE0-4C04E3F435AE}.Release|Any CPU.ActiveCfg = Release|Any CPU
		{A743F32D-FC4E-4F4E-8DE0-4C04E3F435AE}.Release|Any CPU.Build.0 = Release|Any CPU
		{23A48F5D-36ED-41C1-92AC-A66F73B6CC16}.Debug|Any CPU.ActiveCfg = Debug|Any CPU
		{23A48F5D-36ED-41C1-92AC-A66F73B6CC16}.Debug|Any CPU.Build.0 = Debug|Any CPU
		{23A48F5D-36ED-41C1-92AC-A66F73B6CC16}.Release|Any CPU.ActiveCfg = Release|Any CPU
		{23A48F5D-36ED-41C1-92AC-A66F73B6CC16}.Release|Any CPU.Build.0 = Release|Any CPU
		{E196F741-137C-467E-9326-DECEA3C1A7CB}.Debug|Any CPU.ActiveCfg = Debug|Any CPU
		{E196F741-137C-467E-9326-DECEA3C1A7CB}.Debug|Any CPU.Build.0 = Debug|Any CPU
		{E196F741-137C-467E-9326-DECEA3C1A7CB}.Release|Any CPU.ActiveCfg = Release|Any CPU
		{E196F741-137C-467E-9326-DECEA3C1A7CB}.Release|Any CPU.Build.0 = Release|Any CPU
		{563CDD7F-D2BD-4617-9F75-1430454B57BF}.Debug|Any CPU.ActiveCfg = Debug|Any CPU
		{563CDD7F-D2BD-4617-9F75-1430454B57BF}.Debug|Any CPU.Build.0 = Debug|Any CPU
		{563CDD7F-D2BD-4617-9F75-1430454B57BF}.Release|Any CPU.ActiveCfg = Release|Any CPU
		{563CDD7F-D2BD-4617-9F75-1430454B57BF}.Release|Any CPU.Build.0 = Release|Any CPU
		{70F10079-2E14-4308-B92B-31AF54DB1C69}.Debug|Any CPU.ActiveCfg = Debug|Any CPU
		{70F10079-2E14-4308-B92B-31AF54DB1C69}.Debug|Any CPU.Build.0 = Debug|Any CPU
		{70F10079-2E14-4308-B92B-31AF54DB1C69}.Release|Any CPU.ActiveCfg = Release|Any CPU
		{70F10079-2E14-4308-B92B-31AF54DB1C69}.Release|Any CPU.Build.0 = Release|Any CPU
		{EB161A74-A617-4622-900B-BCDAC508C342}.Debug|Any CPU.ActiveCfg = Debug|Any CPU
		{EB161A74-A617-4622-900B-BCDAC508C342}.Debug|Any CPU.Build.0 = Debug|Any CPU
		{EB161A74-A617-4622-900B-BCDAC508C342}.Release|Any CPU.ActiveCfg = Release|Any CPU
		{EB161A74-A617-4622-900B-BCDAC508C342}.Release|Any CPU.Build.0 = Release|Any CPU
		{30AF16CF-C412-49FB-A648-E165AA19F8AA}.Debug|Any CPU.ActiveCfg = Debug|Any CPU
		{30AF16CF-C412-49FB-A648-E165AA19F8AA}.Debug|Any CPU.Build.0 = Debug|Any CPU
		{30AF16CF-C412-49FB-A648-E165AA19F8AA}.Release|Any CPU.ActiveCfg = Release|Any CPU
		{30AF16CF-C412-49FB-A648-E165AA19F8AA}.Release|Any CPU.Build.0 = Release|Any CPU
		{05A54BAC-87B9-4C08-A160-DC4D1B2B18CE}.Debug|Any CPU.ActiveCfg = Debug|Any CPU
		{05A54BAC-87B9-4C08-A160-DC4D1B2B18CE}.Debug|Any CPU.Build.0 = Debug|Any CPU
		{05A54BAC-87B9-4C08-A160-DC4D1B2B18CE}.Release|Any CPU.ActiveCfg = Release|Any CPU
		{05A54BAC-87B9-4C08-A160-DC4D1B2B18CE}.Release|Any CPU.Build.0 = Release|Any CPU
	EndGlobalSection
	GlobalSection(NestedProjects) = preSolution
		{4E2F4E56-759C-40EB-8EBE-AF9F75E66BAD} = {5681E3AE-348F-4AEB-A49B-260A4C8D0992}
		{6B1A45A3-849D-4CC0-9C98-676EEE651DDC} = {5681E3AE-348F-4AEB-A49B-260A4C8D0992}
		{9D140A3A-DE2A-414E-B944-61DB0A983689} = {5681E3AE-348F-4AEB-A49B-260A4C8D0992}
		{9BEB26C6-8B66-45DC-8854-7D5C3A65414F} = {C3CE3804-CD1F-46CD-BF37-47D720008032}
		{F426C999-A877-43C6-8590-FF31AEA69C69} = {5681E3AE-348F-4AEB-A49B-260A4C8D0992}
		{473EB559-86AD-404D-AA3F-318C17CEDEF7} = {5681E3AE-348F-4AEB-A49B-260A4C8D0992}
		{924D77CB-8F89-4305-A47F-F8546CE0451A} = {5681E3AE-348F-4AEB-A49B-260A4C8D0992}
		{C5DCCB39-3F09-4F17-B5EE-8B839A180C2E} = {5681E3AE-348F-4AEB-A49B-260A4C8D0992}
		{A743F32D-FC4E-4F4E-8DE0-4C04E3F435AE} = {5681E3AE-348F-4AEB-A49B-260A4C8D0992}
		{23A48F5D-36ED-41C1-92AC-A66F73B6CC16} = {5681E3AE-348F-4AEB-A49B-260A4C8D0992}
		{E196F741-137C-467E-9326-DECEA3C1A7CB} = {C3CE3804-CD1F-46CD-BF37-47D720008032}
		{563CDD7F-D2BD-4617-9F75-1430454B57BF} = {5681E3AE-348F-4AEB-A49B-260A4C8D0992}
		{70F10079-2E14-4308-B92B-31AF54DB1C69} = {C3CE3804-CD1F-46CD-BF37-47D720008032}
		{EB161A74-A617-4622-900B-BCDAC508C342} = {5681E3AE-348F-4AEB-A49B-260A4C8D0992}
		{30AF16CF-C412-49FB-A648-E165AA19F8AA} = {5681E3AE-348F-4AEB-A49B-260A4C8D0992}
		{05A54BAC-87B9-4C08-A160-DC4D1B2B18CE} = {C3CE3804-CD1F-46CD-BF37-47D720008032}
	EndGlobalSection
EndGlobal
